// !$*UTF8*$!
{
	archiveVersion = 1;
	classes = {
	};
	objectVersion = 50;
	objects = {

/* Begin PBXBuildFile section */
		42062A2895550058FDEB9C99 /* Pods_MakerspaceTests.framework in Frameworks */ = {isa = PBXBuildFile; fileRef = A5747B66F2C76D0F341A93EB /* Pods_MakerspaceTests.framework */; };
		7D1C1A1522830A1000A1D57D /* UserCell.swift in Sources */ = {isa = PBXBuildFile; fileRef = 7D1C1A1422830A1000A1D57D /* UserCell.swift */; };
		7D1C1A172283130A00A1D57D /* PickerData.swift in Sources */ = {isa = PBXBuildFile; fileRef = 7D1C1A162283130A00A1D57D /* PickerData.swift */; };
		7D1C1A192283134D00A1D57D /* RoomManager.swift in Sources */ = {isa = PBXBuildFile; fileRef = 7D1C1A182283134D00A1D57D /* RoomManager.swift */; };
		7DCDA5232280839E0020D9D0 /* AppDelegate.swift in Sources */ = {isa = PBXBuildFile; fileRef = 7DCDA5222280839E0020D9D0 /* AppDelegate.swift */; };
		7DCDA5282280839E0020D9D0 /* Main.storyboard in Resources */ = {isa = PBXBuildFile; fileRef = 7DCDA5262280839E0020D9D0 /* Main.storyboard */; };
		7DCDA52A2280839F0020D9D0 /* Assets.xcassets in Resources */ = {isa = PBXBuildFile; fileRef = 7DCDA5292280839F0020D9D0 /* Assets.xcassets */; };
		7DCDA52D2280839F0020D9D0 /* LaunchScreen.storyboard in Resources */ = {isa = PBXBuildFile; fileRef = 7DCDA52B2280839F0020D9D0 /* LaunchScreen.storyboard */; };
		7DCDA5382280839F0020D9D0 /* MakerspaceTests.swift in Sources */ = {isa = PBXBuildFile; fileRef = 7DCDA5372280839F0020D9D0 /* MakerspaceTests.swift */; };
		7DCDA5432280839F0020D9D0 /* MakerspaceUITests.swift in Sources */ = {isa = PBXBuildFile; fileRef = 7DCDA5422280839F0020D9D0 /* MakerspaceUITests.swift */; };
		7DCDA555228084260020D9D0 /* User.swift in Sources */ = {isa = PBXBuildFile; fileRef = 7DCDA554228084260020D9D0 /* User.swift */; };
		7DCDA5572280843A0020D9D0 /* Room.swift in Sources */ = {isa = PBXBuildFile; fileRef = 7DCDA5562280843A0020D9D0 /* Room.swift */; };
		7DCDA559228084480020D9D0 /* BadgeCard.swift in Sources */ = {isa = PBXBuildFile; fileRef = 7DCDA558228084480020D9D0 /* BadgeCard.swift */; };
		7DCDA55B228087340020D9D0 /* GoogleService-Info.plist in Resources */ = {isa = PBXBuildFile; fileRef = 7DCDA55A228087340020D9D0 /* GoogleService-Info.plist */; };
		7DCDA55F22809EF80020D9D0 /* CustomButton.swift in Sources */ = {isa = PBXBuildFile; fileRef = 7DCDA55E22809EF80020D9D0 /* CustomButton.swift */; };
		7DCDA5612280AC810020D9D0 /* HomeVC.swift in Sources */ = {isa = PBXBuildFile; fileRef = 7DCDA5602280AC810020D9D0 /* HomeVC.swift */; };
		7DCDA5642280ADEA0020D9D0 /* UserManager.swift in Sources */ = {isa = PBXBuildFile; fileRef = 7DCDA5632280ADEA0020D9D0 /* UserManager.swift */; };
		7DCDA5662280ADFF0020D9D0 /* UserNetworkAdaptor.swift in Sources */ = {isa = PBXBuildFile; fileRef = 7DCDA5652280ADFF0020D9D0 /* UserNetworkAdaptor.swift */; };
		7DCDA56A2280B7540020D9D0 /* Constants.swift in Sources */ = {isa = PBXBuildFile; fileRef = 7DCDA5692280B7540020D9D0 /* Constants.swift */; };
		7DCDA56E2280B9500020D9D0 /* CreateAccountVC.swift in Sources */ = {isa = PBXBuildFile; fileRef = 7DCDA56D2280B9500020D9D0 /* CreateAccountVC.swift */; };
		84863F3C87215ED5CB7BBAA4 /* Pods_Makerspace.framework in Frameworks */ = {isa = PBXBuildFile; fileRef = F3F15F834E7C13125869BB47 /* Pods_Makerspace.framework */; };
		BDE76E9DAF543D788CA1BD04 /* Pods_MakerspaceUITests.framework in Frameworks */ = {isa = PBXBuildFile; fileRef = C5F132D3EA9D1B79FB564A85 /* Pods_MakerspaceUITests.framework */; };
		D7BB02C322835EC80066FA73 /* Gotham-XLight.otf in Resources */ = {isa = PBXBuildFile; fileRef = D7BB02B122835E9A0066FA73 /* Gotham-XLight.otf */; };
		D7BB02C422835ECB0066FA73 /* Gotham-Thin.otf in Resources */ = {isa = PBXBuildFile; fileRef = D7BB02B222835E9A0066FA73 /* Gotham-Thin.otf */; };
		D7BB02C522835ED00066FA73 /* Gotham-Black.otf in Resources */ = {isa = PBXBuildFile; fileRef = D7BB02B322835E9A0066FA73 /* Gotham-Black.otf */; };
		D7BB02C622835ED00066FA73 /* Gotham-XLightItalic.otf in Resources */ = {isa = PBXBuildFile; fileRef = D7BB02B422835E9A0066FA73 /* Gotham-XLightItalic.otf */; };
		D7BB02C722835ED00066FA73 /* GothamLight.ttf in Resources */ = {isa = PBXBuildFile; fileRef = D7BB02B522835E9A0066FA73 /* GothamLight.ttf */; };
		D7BB02C822835ED00066FA73 /* Gotham-UltraItalic.otf in Resources */ = {isa = PBXBuildFile; fileRef = D7BB02B622835E9A0066FA73 /* Gotham-UltraItalic.otf */; };
		D7BB02C922835ED00066FA73 /* Gotham-Bold.otf in Resources */ = {isa = PBXBuildFile; fileRef = D7BB02B722835E9A0066FA73 /* Gotham-Bold.otf */; };
		D7BB02CA22835ED00066FA73 /* GothamMediumItalic.ttf in Resources */ = {isa = PBXBuildFile; fileRef = D7BB02B822835E9A0066FA73 /* GothamMediumItalic.ttf */; };
		D7BB02CB22835ED00066FA73 /* GothamBookItalic.ttf in Resources */ = {isa = PBXBuildFile; fileRef = D7BB02B922835E9A0066FA73 /* GothamBookItalic.ttf */; };
		D7BB02CC22835ED00066FA73 /* Gotham-ThinItalic.otf in Resources */ = {isa = PBXBuildFile; fileRef = D7BB02BA22835E9A0066FA73 /* Gotham-ThinItalic.otf */; };
		D7BB02CD22835ED00066FA73 /* GothamMedium_1.ttf in Resources */ = {isa = PBXBuildFile; fileRef = D7BB02BB22835E9A0066FA73 /* GothamMedium_1.ttf */; };
		D7BB02CE22835ED00066FA73 /* Gotham-Light.otf in Resources */ = {isa = PBXBuildFile; fileRef = D7BB02BC22835E9A0066FA73 /* Gotham-Light.otf */; };
		D7BB02CF22835ED00066FA73 /* GothamBold.ttf in Resources */ = {isa = PBXBuildFile; fileRef = D7BB02BD22835E9A0066FA73 /* GothamBold.ttf */; };
		D7BB02D022835ED00066FA73 /* Gotham-BookItalic.otf in Resources */ = {isa = PBXBuildFile; fileRef = D7BB02BE22835E9A0066FA73 /* Gotham-BookItalic.otf */; };
		D7BB02D122835ED00066FA73 /* GothamBoldItalic.ttf in Resources */ = {isa = PBXBuildFile; fileRef = D7BB02BF22835E9A0066FA73 /* GothamBoldItalic.ttf */; };
		D7BB02D222835ED00066FA73 /* GothamBook.ttf in Resources */ = {isa = PBXBuildFile; fileRef = D7BB02C022835E9A0066FA73 /* GothamBook.ttf */; };
		D7BB02D322835ED00066FA73 /* GothamLightItalic.ttf in Resources */ = {isa = PBXBuildFile; fileRef = D7BB02C122835E9A0066FA73 /* GothamLightItalic.ttf */; };
		D7BB02D422835ED00066FA73 /* GothamMedium.ttf in Resources */ = {isa = PBXBuildFile; fileRef = D7BB02C222835E9A0066FA73 /* GothamMedium.ttf */; };
		E117FDBD22826BF9003B771C /* HomeViewController.swift in Sources */ = {isa = PBXBuildFile; fileRef = E117FDBC22826BF9003B771C /* HomeViewController.swift */; };
		E117FDC32282720F003B771C /* DetailVC.swift in Sources */ = {isa = PBXBuildFile; fileRef = E117FDC22282720F003B771C /* DetailVC.swift */; };
		E1AFC04B22812F3F009B4276 /* UIViewExtension.swift in Sources */ = {isa = PBXBuildFile; fileRef = E1AFC04A22812F3F009B4276 /* UIViewExtension.swift */; };
/* End PBXBuildFile section */

/* Begin PBXContainerItemProxy section */
		7DCDA5342280839F0020D9D0 /* PBXContainerItemProxy */ = {
			isa = PBXContainerItemProxy;
			containerPortal = 7DCDA5172280839E0020D9D0 /* Project object */;
			proxyType = 1;
			remoteGlobalIDString = 7DCDA51E2280839E0020D9D0;
			remoteInfo = Makerspace;
		};
		7DCDA53F2280839F0020D9D0 /* PBXContainerItemProxy */ = {
			isa = PBXContainerItemProxy;
			containerPortal = 7DCDA5172280839E0020D9D0 /* Project object */;
			proxyType = 1;
			remoteGlobalIDString = 7DCDA51E2280839E0020D9D0;
			remoteInfo = Makerspace;
		};
/* End PBXContainerItemProxy section */

/* Begin PBXFileReference section */
		5475C5F8D6C90554E1CDB7CB /* Pods-MakerspaceUITests.debug.xcconfig */ = {isa = PBXFileReference; includeInIndex = 1; lastKnownFileType = text.xcconfig; name = "Pods-MakerspaceUITests.debug.xcconfig"; path = "Target Support Files/Pods-MakerspaceUITests/Pods-MakerspaceUITests.debug.xcconfig"; sourceTree = "<group>"; };
		552EC2211B7BA750B35B092B /* Pods-MakerspaceUITests.release.xcconfig */ = {isa = PBXFileReference; includeInIndex = 1; lastKnownFileType = text.xcconfig; name = "Pods-MakerspaceUITests.release.xcconfig"; path = "Target Support Files/Pods-MakerspaceUITests/Pods-MakerspaceUITests.release.xcconfig"; sourceTree = "<group>"; };
		71D8E2452145330CF221E750 /* Pods-Makerspace.debug.xcconfig */ = {isa = PBXFileReference; includeInIndex = 1; lastKnownFileType = text.xcconfig; name = "Pods-Makerspace.debug.xcconfig"; path = "Target Support Files/Pods-Makerspace/Pods-Makerspace.debug.xcconfig"; sourceTree = "<group>"; };
		7B073AF03A5D6B2E8040B294 /* Pods-MakerspaceTests.release.xcconfig */ = {isa = PBXFileReference; includeInIndex = 1; lastKnownFileType = text.xcconfig; name = "Pods-MakerspaceTests.release.xcconfig"; path = "Target Support Files/Pods-MakerspaceTests/Pods-MakerspaceTests.release.xcconfig"; sourceTree = "<group>"; };
		7D1C1A1422830A1000A1D57D /* UserCell.swift */ = {isa = PBXFileReference; lastKnownFileType = sourcecode.swift; path = UserCell.swift; sourceTree = "<group>"; };
		7D1C1A162283130A00A1D57D /* PickerData.swift */ = {isa = PBXFileReference; lastKnownFileType = sourcecode.swift; path = PickerData.swift; sourceTree = "<group>"; };
		7D1C1A182283134D00A1D57D /* RoomManager.swift */ = {isa = PBXFileReference; lastKnownFileType = sourcecode.swift; path = RoomManager.swift; sourceTree = "<group>"; };
		7DCDA51F2280839E0020D9D0 /* Makerspace.app */ = {isa = PBXFileReference; explicitFileType = wrapper.application; includeInIndex = 0; path = Makerspace.app; sourceTree = BUILT_PRODUCTS_DIR; };
		7DCDA5222280839E0020D9D0 /* AppDelegate.swift */ = {isa = PBXFileReference; lastKnownFileType = sourcecode.swift; path = AppDelegate.swift; sourceTree = "<group>"; };
		7DCDA5272280839E0020D9D0 /* Base */ = {isa = PBXFileReference; lastKnownFileType = file.storyboard; name = Base; path = Base.lproj/Main.storyboard; sourceTree = "<group>"; };
		7DCDA5292280839F0020D9D0 /* Assets.xcassets */ = {isa = PBXFileReference; lastKnownFileType = folder.assetcatalog; path = Assets.xcassets; sourceTree = "<group>"; };
		7DCDA52C2280839F0020D9D0 /* Base */ = {isa = PBXFileReference; lastKnownFileType = file.storyboard; name = Base; path = Base.lproj/LaunchScreen.storyboard; sourceTree = "<group>"; };
		7DCDA52E2280839F0020D9D0 /* Info.plist */ = {isa = PBXFileReference; lastKnownFileType = text.plist.xml; path = Info.plist; sourceTree = "<group>"; };
		7DCDA5332280839F0020D9D0 /* MakerspaceTests.xctest */ = {isa = PBXFileReference; explicitFileType = wrapper.cfbundle; includeInIndex = 0; path = MakerspaceTests.xctest; sourceTree = BUILT_PRODUCTS_DIR; };
		7DCDA5372280839F0020D9D0 /* MakerspaceTests.swift */ = {isa = PBXFileReference; lastKnownFileType = sourcecode.swift; path = MakerspaceTests.swift; sourceTree = "<group>"; };
		7DCDA5392280839F0020D9D0 /* Info.plist */ = {isa = PBXFileReference; lastKnownFileType = text.plist.xml; path = Info.plist; sourceTree = "<group>"; };
		7DCDA53E2280839F0020D9D0 /* MakerspaceUITests.xctest */ = {isa = PBXFileReference; explicitFileType = wrapper.cfbundle; includeInIndex = 0; path = MakerspaceUITests.xctest; sourceTree = BUILT_PRODUCTS_DIR; };
		7DCDA5422280839F0020D9D0 /* MakerspaceUITests.swift */ = {isa = PBXFileReference; lastKnownFileType = sourcecode.swift; path = MakerspaceUITests.swift; sourceTree = "<group>"; };
		7DCDA5442280839F0020D9D0 /* Info.plist */ = {isa = PBXFileReference; lastKnownFileType = text.plist.xml; path = Info.plist; sourceTree = "<group>"; };
		7DCDA554228084260020D9D0 /* User.swift */ = {isa = PBXFileReference; lastKnownFileType = sourcecode.swift; path = User.swift; sourceTree = "<group>"; };
		7DCDA5562280843A0020D9D0 /* Room.swift */ = {isa = PBXFileReference; lastKnownFileType = sourcecode.swift; path = Room.swift; sourceTree = "<group>"; };
		7DCDA558228084480020D9D0 /* BadgeCard.swift */ = {isa = PBXFileReference; lastKnownFileType = sourcecode.swift; path = BadgeCard.swift; sourceTree = "<group>"; };
		7DCDA55A228087340020D9D0 /* GoogleService-Info.plist */ = {isa = PBXFileReference; fileEncoding = 4; lastKnownFileType = text.plist.xml; path = "GoogleService-Info.plist"; sourceTree = "<group>"; };
		7DCDA55E22809EF80020D9D0 /* CustomButton.swift */ = {isa = PBXFileReference; lastKnownFileType = sourcecode.swift; path = CustomButton.swift; sourceTree = "<group>"; };
		7DCDA5602280AC810020D9D0 /* HomeVC.swift */ = {isa = PBXFileReference; lastKnownFileType = sourcecode.swift; path = HomeVC.swift; sourceTree = "<group>"; };
		7DCDA5632280ADEA0020D9D0 /* UserManager.swift */ = {isa = PBXFileReference; lastKnownFileType = sourcecode.swift; path = UserManager.swift; sourceTree = "<group>"; };
		7DCDA5652280ADFF0020D9D0 /* UserNetworkAdaptor.swift */ = {isa = PBXFileReference; lastKnownFileType = sourcecode.swift; path = UserNetworkAdaptor.swift; sourceTree = "<group>"; };
		7DCDA5692280B7540020D9D0 /* Constants.swift */ = {isa = PBXFileReference; lastKnownFileType = sourcecode.swift; path = Constants.swift; sourceTree = "<group>"; };
		7DCDA56D2280B9500020D9D0 /* CreateAccountVC.swift */ = {isa = PBXFileReference; lastKnownFileType = sourcecode.swift; path = CreateAccountVC.swift; sourceTree = "<group>"; };
		93AADD17AB209CE89855184E /* Pods-MakerspaceTests.debug.xcconfig */ = {isa = PBXFileReference; includeInIndex = 1; lastKnownFileType = text.xcconfig; name = "Pods-MakerspaceTests.debug.xcconfig"; path = "Target Support Files/Pods-MakerspaceTests/Pods-MakerspaceTests.debug.xcconfig"; sourceTree = "<group>"; };
		A5747B66F2C76D0F341A93EB /* Pods_MakerspaceTests.framework */ = {isa = PBXFileReference; explicitFileType = wrapper.framework; includeInIndex = 0; path = Pods_MakerspaceTests.framework; sourceTree = BUILT_PRODUCTS_DIR; };
		B31274D0E7BD28685676D0E3 /* Pods-Makerspace.release.xcconfig */ = {isa = PBXFileReference; includeInIndex = 1; lastKnownFileType = text.xcconfig; name = "Pods-Makerspace.release.xcconfig"; path = "Target Support Files/Pods-Makerspace/Pods-Makerspace.release.xcconfig"; sourceTree = "<group>"; };
		C5F132D3EA9D1B79FB564A85 /* Pods_MakerspaceUITests.framework */ = {isa = PBXFileReference; explicitFileType = wrapper.framework; includeInIndex = 0; path = Pods_MakerspaceUITests.framework; sourceTree = BUILT_PRODUCTS_DIR; };
		D7BB02B122835E9A0066FA73 /* Gotham-XLight.otf */ = {isa = PBXFileReference; lastKnownFileType = file; path = "Gotham-XLight.otf"; sourceTree = "<group>"; };
		D7BB02B222835E9A0066FA73 /* Gotham-Thin.otf */ = {isa = PBXFileReference; lastKnownFileType = file; path = "Gotham-Thin.otf"; sourceTree = "<group>"; };
		D7BB02B322835E9A0066FA73 /* Gotham-Black.otf */ = {isa = PBXFileReference; lastKnownFileType = file; path = "Gotham-Black.otf"; sourceTree = "<group>"; };
		D7BB02B422835E9A0066FA73 /* Gotham-XLightItalic.otf */ = {isa = PBXFileReference; lastKnownFileType = file; path = "Gotham-XLightItalic.otf"; sourceTree = "<group>"; };
		D7BB02B522835E9A0066FA73 /* GothamLight.ttf */ = {isa = PBXFileReference; lastKnownFileType = file; path = GothamLight.ttf; sourceTree = "<group>"; };
		D7BB02B622835E9A0066FA73 /* Gotham-UltraItalic.otf */ = {isa = PBXFileReference; lastKnownFileType = file; path = "Gotham-UltraItalic.otf"; sourceTree = "<group>"; };
		D7BB02B722835E9A0066FA73 /* Gotham-Bold.otf */ = {isa = PBXFileReference; lastKnownFileType = file; path = "Gotham-Bold.otf"; sourceTree = "<group>"; };
		D7BB02B822835E9A0066FA73 /* GothamMediumItalic.ttf */ = {isa = PBXFileReference; lastKnownFileType = file; path = GothamMediumItalic.ttf; sourceTree = "<group>"; };
		D7BB02B922835E9A0066FA73 /* GothamBookItalic.ttf */ = {isa = PBXFileReference; lastKnownFileType = file; path = GothamBookItalic.ttf; sourceTree = "<group>"; };
		D7BB02BA22835E9A0066FA73 /* Gotham-ThinItalic.otf */ = {isa = PBXFileReference; lastKnownFileType = file; path = "Gotham-ThinItalic.otf"; sourceTree = "<group>"; };
		D7BB02BB22835E9A0066FA73 /* GothamMedium_1.ttf */ = {isa = PBXFileReference; lastKnownFileType = file; path = GothamMedium_1.ttf; sourceTree = "<group>"; };
		D7BB02BC22835E9A0066FA73 /* Gotham-Light.otf */ = {isa = PBXFileReference; lastKnownFileType = file; path = "Gotham-Light.otf"; sourceTree = "<group>"; };
		D7BB02BD22835E9A0066FA73 /* GothamBold.ttf */ = {isa = PBXFileReference; lastKnownFileType = file; path = GothamBold.ttf; sourceTree = "<group>"; };
		D7BB02BE22835E9A0066FA73 /* Gotham-BookItalic.otf */ = {isa = PBXFileReference; lastKnownFileType = file; path = "Gotham-BookItalic.otf"; sourceTree = "<group>"; };
		D7BB02BF22835E9A0066FA73 /* GothamBoldItalic.ttf */ = {isa = PBXFileReference; lastKnownFileType = file; path = GothamBoldItalic.ttf; sourceTree = "<group>"; };
		D7BB02C022835E9A0066FA73 /* GothamBook.ttf */ = {isa = PBXFileReference; lastKnownFileType = file; path = GothamBook.ttf; sourceTree = "<group>"; };
		D7BB02C122835E9A0066FA73 /* GothamLightItalic.ttf */ = {isa = PBXFileReference; lastKnownFileType = file; path = GothamLightItalic.ttf; sourceTree = "<group>"; };
		D7BB02C222835E9A0066FA73 /* GothamMedium.ttf */ = {isa = PBXFileReference; lastKnownFileType = file; path = GothamMedium.ttf; sourceTree = "<group>"; };
		E117FDBC22826BF9003B771C /* HomeViewController.swift */ = {isa = PBXFileReference; lastKnownFileType = sourcecode.swift; path = HomeViewController.swift; sourceTree = "<group>"; };
		E117FDC22282720F003B771C /* DetailVC.swift */ = {isa = PBXFileReference; lastKnownFileType = sourcecode.swift; path = DetailVC.swift; sourceTree = "<group>"; };
		E1AFC04A22812F3F009B4276 /* UIViewExtension.swift */ = {isa = PBXFileReference; lastKnownFileType = sourcecode.swift; path = UIViewExtension.swift; sourceTree = "<group>"; };
		F3F15F834E7C13125869BB47 /* Pods_Makerspace.framework */ = {isa = PBXFileReference; explicitFileType = wrapper.framework; includeInIndex = 0; path = Pods_Makerspace.framework; sourceTree = BUILT_PRODUCTS_DIR; };
/* End PBXFileReference section */

/* Begin PBXFrameworksBuildPhase section */
		7DCDA51C2280839E0020D9D0 /* Frameworks */ = {
			isa = PBXFrameworksBuildPhase;
			buildActionMask = 2147483647;
			files = (
				84863F3C87215ED5CB7BBAA4 /* Pods_Makerspace.framework in Frameworks */,
			);
			runOnlyForDeploymentPostprocessing = 0;
		};
		7DCDA5302280839F0020D9D0 /* Frameworks */ = {
			isa = PBXFrameworksBuildPhase;
			buildActionMask = 2147483647;
			files = (
				42062A2895550058FDEB9C99 /* Pods_MakerspaceTests.framework in Frameworks */,
			);
			runOnlyForDeploymentPostprocessing = 0;
		};
		7DCDA53B2280839F0020D9D0 /* Frameworks */ = {
			isa = PBXFrameworksBuildPhase;
			buildActionMask = 2147483647;
			files = (
				BDE76E9DAF543D788CA1BD04 /* Pods_MakerspaceUITests.framework in Frameworks */,
			);
			runOnlyForDeploymentPostprocessing = 0;
		};
/* End PBXFrameworksBuildPhase section */

/* Begin PBXGroup section */
		2309D0E2EEE3DDE60081E343 /* Pods */ = {
			isa = PBXGroup;
			children = (
				71D8E2452145330CF221E750 /* Pods-Makerspace.debug.xcconfig */,
				B31274D0E7BD28685676D0E3 /* Pods-Makerspace.release.xcconfig */,
				93AADD17AB209CE89855184E /* Pods-MakerspaceTests.debug.xcconfig */,
				7B073AF03A5D6B2E8040B294 /* Pods-MakerspaceTests.release.xcconfig */,
				5475C5F8D6C90554E1CDB7CB /* Pods-MakerspaceUITests.debug.xcconfig */,
				552EC2211B7BA750B35B092B /* Pods-MakerspaceUITests.release.xcconfig */,
			);
			path = Pods;
			sourceTree = "<group>";
		};
		4576409EE0E2D4D4A00B61FA /* Frameworks */ = {
			isa = PBXGroup;
			children = (
				F3F15F834E7C13125869BB47 /* Pods_Makerspace.framework */,
				A5747B66F2C76D0F341A93EB /* Pods_MakerspaceTests.framework */,
				C5F132D3EA9D1B79FB564A85 /* Pods_MakerspaceUITests.framework */,
			);
			name = Frameworks;
			sourceTree = "<group>";
		};
		7D1C1A1A2283152B00A1D57D /* Room */ = {
			isa = PBXGroup;
			children = (
				7DCDA5562280843A0020D9D0 /* Room.swift */,
				7D1C1A182283134D00A1D57D /* RoomManager.swift */,
			);
			path = Room;
			sourceTree = "<group>";
		};
		7DCDA5162280839E0020D9D0 = {
			isa = PBXGroup;
			children = (
				7DCDA5212280839E0020D9D0 /* Makerspace */,
				7DCDA5362280839F0020D9D0 /* MakerspaceTests */,
				7DCDA5412280839F0020D9D0 /* MakerspaceUITests */,
				7DCDA5202280839E0020D9D0 /* Products */,
				2309D0E2EEE3DDE60081E343 /* Pods */,
				4576409EE0E2D4D4A00B61FA /* Frameworks */,
			);
			sourceTree = "<group>";
		};
		7DCDA5202280839E0020D9D0 /* Products */ = {
			isa = PBXGroup;
			children = (
				7DCDA51F2280839E0020D9D0 /* Makerspace.app */,
				7DCDA5332280839F0020D9D0 /* MakerspaceTests.xctest */,
				7DCDA53E2280839F0020D9D0 /* MakerspaceUITests.xctest */,
			);
			name = Products;
			sourceTree = "<group>";
		};
		7DCDA5212280839E0020D9D0 /* Makerspace */ = {
			isa = PBXGroup;
			children = (
				D7BB02B022835E9A0066FA73 /* gotham-cufonfonts */,
				7DCDA553228083DA0020D9D0 /* Controllers */,
				7DCDA552228083D30020D9D0 /* Views */,
				7DCDA551228083CB0020D9D0 /* Models */,
				7DCDA550228083BD0020D9D0 /* Supporting Files */,
				7DCDA5262280839E0020D9D0 /* Main.storyboard */,
				7DCDA52E2280839F0020D9D0 /* Info.plist */,
				7DCDA55A228087340020D9D0 /* GoogleService-Info.plist */,
			);
			path = Makerspace;
			sourceTree = "<group>";
		};
		7DCDA5362280839F0020D9D0 /* MakerspaceTests */ = {
			isa = PBXGroup;
			children = (
				7DCDA5372280839F0020D9D0 /* MakerspaceTests.swift */,
				7DCDA5392280839F0020D9D0 /* Info.plist */,
			);
			path = MakerspaceTests;
			sourceTree = "<group>";
		};
		7DCDA5412280839F0020D9D0 /* MakerspaceUITests */ = {
			isa = PBXGroup;
			children = (
				7DCDA5422280839F0020D9D0 /* MakerspaceUITests.swift */,
				7DCDA5442280839F0020D9D0 /* Info.plist */,
			);
			path = MakerspaceUITests;
			sourceTree = "<group>";
		};
		7DCDA550228083BD0020D9D0 /* Supporting Files */ = {
			isa = PBXGroup;
			children = (
				7DCDA5222280839E0020D9D0 /* AppDelegate.swift */,
				7DCDA5292280839F0020D9D0 /* Assets.xcassets */,
				7DCDA52B2280839F0020D9D0 /* LaunchScreen.storyboard */,
				7DCDA5692280B7540020D9D0 /* Constants.swift */,
			);
			path = "Supporting Files";
			sourceTree = "<group>";
		};
		7DCDA551228083CB0020D9D0 /* Models */ = {
			isa = PBXGroup;
			children = (
				7DCDA5622280ADD30020D9D0 /* User */,
				7D1C1A1A2283152B00A1D57D /* Room */,
				7DCDA558228084480020D9D0 /* BadgeCard.swift */,
				7D1C1A162283130A00A1D57D /* PickerData.swift */,
			);
			path = Models;
			sourceTree = "<group>";
		};
		7DCDA552228083D30020D9D0 /* Views */ = {
			isa = PBXGroup;
			children = (
				7DCDA55E22809EF80020D9D0 /* CustomButton.swift */,
				E1AFC04A22812F3F009B4276 /* UIViewExtension.swift */,
			);
			path = Views;
			sourceTree = "<group>";
		};
		7DCDA553228083DA0020D9D0 /* Controllers */ = {
			isa = PBXGroup;
			children = (
				7DCDA5602280AC810020D9D0 /* HomeVC.swift */,
				7DCDA56D2280B9500020D9D0 /* CreateAccountVC.swift */,
				E117FDBC22826BF9003B771C /* HomeViewController.swift */,
				E117FDC22282720F003B771C /* DetailVC.swift */,
				7D1C1A1422830A1000A1D57D /* UserCell.swift */,
			);
			path = Controllers;
			sourceTree = "<group>";
		};
		7DCDA5622280ADD30020D9D0 /* User */ = {
			isa = PBXGroup;
			children = (
				7DCDA554228084260020D9D0 /* User.swift */,
				7DCDA5632280ADEA0020D9D0 /* UserManager.swift */,
				7DCDA5652280ADFF0020D9D0 /* UserNetworkAdaptor.swift */,
			);
			path = User;
			sourceTree = "<group>";
		};
		D7BB02B022835E9A0066FA73 /* gotham-cufonfonts */ = {
			isa = PBXGroup;
			children = (
				D7BB02B122835E9A0066FA73 /* Gotham-XLight.otf */,
				D7BB02B222835E9A0066FA73 /* Gotham-Thin.otf */,
				D7BB02B322835E9A0066FA73 /* Gotham-Black.otf */,
				D7BB02B422835E9A0066FA73 /* Gotham-XLightItalic.otf */,
				D7BB02B522835E9A0066FA73 /* GothamLight.ttf */,
				D7BB02B622835E9A0066FA73 /* Gotham-UltraItalic.otf */,
				D7BB02B722835E9A0066FA73 /* Gotham-Bold.otf */,
				D7BB02B822835E9A0066FA73 /* GothamMediumItalic.ttf */,
				D7BB02B922835E9A0066FA73 /* GothamBookItalic.ttf */,
				D7BB02BA22835E9A0066FA73 /* Gotham-ThinItalic.otf */,
				D7BB02BB22835E9A0066FA73 /* GothamMedium_1.ttf */,
				D7BB02BC22835E9A0066FA73 /* Gotham-Light.otf */,
				D7BB02BD22835E9A0066FA73 /* GothamBold.ttf */,
				D7BB02BE22835E9A0066FA73 /* Gotham-BookItalic.otf */,
				D7BB02BF22835E9A0066FA73 /* GothamBoldItalic.ttf */,
				D7BB02C022835E9A0066FA73 /* GothamBook.ttf */,
				D7BB02C122835E9A0066FA73 /* GothamLightItalic.ttf */,
				D7BB02C222835E9A0066FA73 /* GothamMedium.ttf */,
			);
			path = "gotham-cufonfonts";
			sourceTree = "<group>";
		};
/* End PBXGroup section */

/* Begin PBXNativeTarget section */
		7DCDA51E2280839E0020D9D0 /* Makerspace */ = {
			isa = PBXNativeTarget;
			buildConfigurationList = 7DCDA5472280839F0020D9D0 /* Build configuration list for PBXNativeTarget "Makerspace" */;
			buildPhases = (
				78B51E232ABF2332674F8CB4 /* [CP] Check Pods Manifest.lock */,
				7DCDA51B2280839E0020D9D0 /* Sources */,
				7DCDA51C2280839E0020D9D0 /* Frameworks */,
				7DCDA51D2280839E0020D9D0 /* Resources */,
				FFD772CF54FC21D9195AE1EA /* [CP] Embed Pods Frameworks */,
			);
			buildRules = (
			);
			dependencies = (
			);
			name = Makerspace;
			productName = Makerspace;
			productReference = 7DCDA51F2280839E0020D9D0 /* Makerspace.app */;
			productType = "com.apple.product-type.application";
		};
		7DCDA5322280839F0020D9D0 /* MakerspaceTests */ = {
			isa = PBXNativeTarget;
			buildConfigurationList = 7DCDA54A2280839F0020D9D0 /* Build configuration list for PBXNativeTarget "MakerspaceTests" */;
			buildPhases = (
				27C735E2735173C9E9C519CC /* [CP] Check Pods Manifest.lock */,
				7DCDA52F2280839F0020D9D0 /* Sources */,
				7DCDA5302280839F0020D9D0 /* Frameworks */,
				7DCDA5312280839F0020D9D0 /* Resources */,
			);
			buildRules = (
			);
			dependencies = (
				7DCDA5352280839F0020D9D0 /* PBXTargetDependency */,
			);
			name = MakerspaceTests;
			productName = MakerspaceTests;
			productReference = 7DCDA5332280839F0020D9D0 /* MakerspaceTests.xctest */;
			productType = "com.apple.product-type.bundle.unit-test";
		};
		7DCDA53D2280839F0020D9D0 /* MakerspaceUITests */ = {
			isa = PBXNativeTarget;
			buildConfigurationList = 7DCDA54D2280839F0020D9D0 /* Build configuration list for PBXNativeTarget "MakerspaceUITests" */;
			buildPhases = (
				397D5D8634A9BFD056F7AD79 /* [CP] Check Pods Manifest.lock */,
				7DCDA53A2280839F0020D9D0 /* Sources */,
				7DCDA53B2280839F0020D9D0 /* Frameworks */,
				7DCDA53C2280839F0020D9D0 /* Resources */,
			);
			buildRules = (
			);
			dependencies = (
				7DCDA5402280839F0020D9D0 /* PBXTargetDependency */,
			);
			name = MakerspaceUITests;
			productName = MakerspaceUITests;
			productReference = 7DCDA53E2280839F0020D9D0 /* MakerspaceUITests.xctest */;
			productType = "com.apple.product-type.bundle.ui-testing";
		};
/* End PBXNativeTarget section */

/* Begin PBXProject section */
		7DCDA5172280839E0020D9D0 /* Project object */ = {
			isa = PBXProject;
			attributes = {
				LastSwiftUpdateCheck = 1010;
				LastUpgradeCheck = 1010;
				ORGANIZATIONNAME = "Rob McMahon";
				TargetAttributes = {
					7DCDA51E2280839E0020D9D0 = {
						CreatedOnToolsVersion = 10.1;
					};
					7DCDA5322280839F0020D9D0 = {
						CreatedOnToolsVersion = 10.1;
						TestTargetID = 7DCDA51E2280839E0020D9D0;
					};
					7DCDA53D2280839F0020D9D0 = {
						CreatedOnToolsVersion = 10.1;
						TestTargetID = 7DCDA51E2280839E0020D9D0;
					};
				};
			};
			buildConfigurationList = 7DCDA51A2280839E0020D9D0 /* Build configuration list for PBXProject "Makerspace" */;
			compatibilityVersion = "Xcode 9.3";
			developmentRegion = en;
			hasScannedForEncodings = 0;
			knownRegions = (
				en,
				Base,
			);
			mainGroup = 7DCDA5162280839E0020D9D0;
			productRefGroup = 7DCDA5202280839E0020D9D0 /* Products */;
			projectDirPath = "";
			projectRoot = "";
			targets = (
				7DCDA51E2280839E0020D9D0 /* Makerspace */,
				7DCDA5322280839F0020D9D0 /* MakerspaceTests */,
				7DCDA53D2280839F0020D9D0 /* MakerspaceUITests */,
			);
		};
/* End PBXProject section */

/* Begin PBXResourcesBuildPhase section */
		7DCDA51D2280839E0020D9D0 /* Resources */ = {
			isa = PBXResourcesBuildPhase;
			buildActionMask = 2147483647;
			files = (
				D7BB02CB22835ED00066FA73 /* GothamBookItalic.ttf in Resources */,
				D7BB02D222835ED00066FA73 /* GothamBook.ttf in Resources */,
				D7BB02C422835ECB0066FA73 /* Gotham-Thin.otf in Resources */,
				D7BB02CA22835ED00066FA73 /* GothamMediumItalic.ttf in Resources */,
				D7BB02C622835ED00066FA73 /* Gotham-XLightItalic.otf in Resources */,
				D7BB02C522835ED00066FA73 /* Gotham-Black.otf in Resources */,
				7DCDA52D2280839F0020D9D0 /* LaunchScreen.storyboard in Resources */,
				D7BB02D022835ED00066FA73 /* Gotham-BookItalic.otf in Resources */,
				D7BB02CF22835ED00066FA73 /* GothamBold.ttf in Resources */,
				7DCDA55B228087340020D9D0 /* GoogleService-Info.plist in Resources */,
				D7BB02D322835ED00066FA73 /* GothamLightItalic.ttf in Resources */,
				D7BB02D422835ED00066FA73 /* GothamMedium.ttf in Resources */,
				7DCDA52A2280839F0020D9D0 /* Assets.xcassets in Resources */,
				D7BB02CC22835ED00066FA73 /* Gotham-ThinItalic.otf in Resources */,
				D7BB02C922835ED00066FA73 /* Gotham-Bold.otf in Resources */,
				D7BB02CD22835ED00066FA73 /* GothamMedium_1.ttf in Resources */,
				7DCDA5282280839E0020D9D0 /* Main.storyboard in Resources */,
				D7BB02CE22835ED00066FA73 /* Gotham-Light.otf in Resources */,
				D7BB02C322835EC80066FA73 /* Gotham-XLight.otf in Resources */,
				D7BB02C822835ED00066FA73 /* Gotham-UltraItalic.otf in Resources */,
				D7BB02D122835ED00066FA73 /* GothamBoldItalic.ttf in Resources */,
				D7BB02C722835ED00066FA73 /* GothamLight.ttf in Resources */,
			);
			runOnlyForDeploymentPostprocessing = 0;
		};
		7DCDA5312280839F0020D9D0 /* Resources */ = {
			isa = PBXResourcesBuildPhase;
			buildActionMask = 2147483647;
			files = (
			);
			runOnlyForDeploymentPostprocessing = 0;
		};
		7DCDA53C2280839F0020D9D0 /* Resources */ = {
			isa = PBXResourcesBuildPhase;
			buildActionMask = 2147483647;
			files = (
			);
			runOnlyForDeploymentPostprocessing = 0;
		};
/* End PBXResourcesBuildPhase section */

/* Begin PBXShellScriptBuildPhase section */
		27C735E2735173C9E9C519CC /* [CP] Check Pods Manifest.lock */ = {
			isa = PBXShellScriptBuildPhase;
			buildActionMask = 2147483647;
			files = (
			);
			inputFileListPaths = (
			);
			inputPaths = (
				"${PODS_PODFILE_DIR_PATH}/Podfile.lock",
				"${PODS_ROOT}/Manifest.lock",
			);
			name = "[CP] Check Pods Manifest.lock";
			outputFileListPaths = (
			);
			outputPaths = (
				"$(DERIVED_FILE_DIR)/Pods-MakerspaceTests-checkManifestLockResult.txt",
			);
			runOnlyForDeploymentPostprocessing = 0;
			shellPath = /bin/sh;
			shellScript = "diff \"${PODS_PODFILE_DIR_PATH}/Podfile.lock\" \"${PODS_ROOT}/Manifest.lock\" > /dev/null\nif [ $? != 0 ] ; then\n    # print error to STDERR\n    echo \"error: The sandbox is not in sync with the Podfile.lock. Run 'pod install' or update your CocoaPods installation.\" >&2\n    exit 1\nfi\n# This output is used by Xcode 'outputs' to avoid re-running this script phase.\necho \"SUCCESS\" > \"${SCRIPT_OUTPUT_FILE_0}\"\n";
			showEnvVarsInLog = 0;
		};
		397D5D8634A9BFD056F7AD79 /* [CP] Check Pods Manifest.lock */ = {
			isa = PBXShellScriptBuildPhase;
			buildActionMask = 2147483647;
			files = (
			);
			inputFileListPaths = (
			);
			inputPaths = (
				"${PODS_PODFILE_DIR_PATH}/Podfile.lock",
				"${PODS_ROOT}/Manifest.lock",
			);
			name = "[CP] Check Pods Manifest.lock";
			outputFileListPaths = (
			);
			outputPaths = (
				"$(DERIVED_FILE_DIR)/Pods-MakerspaceUITests-checkManifestLockResult.txt",
			);
			runOnlyForDeploymentPostprocessing = 0;
			shellPath = /bin/sh;
			shellScript = "diff \"${PODS_PODFILE_DIR_PATH}/Podfile.lock\" \"${PODS_ROOT}/Manifest.lock\" > /dev/null\nif [ $? != 0 ] ; then\n    # print error to STDERR\n    echo \"error: The sandbox is not in sync with the Podfile.lock. Run 'pod install' or update your CocoaPods installation.\" >&2\n    exit 1\nfi\n# This output is used by Xcode 'outputs' to avoid re-running this script phase.\necho \"SUCCESS\" > \"${SCRIPT_OUTPUT_FILE_0}\"\n";
			showEnvVarsInLog = 0;
		};
		78B51E232ABF2332674F8CB4 /* [CP] Check Pods Manifest.lock */ = {
			isa = PBXShellScriptBuildPhase;
			buildActionMask = 2147483647;
			files = (
			);
			inputFileListPaths = (
			);
			inputPaths = (
				"${PODS_PODFILE_DIR_PATH}/Podfile.lock",
				"${PODS_ROOT}/Manifest.lock",
			);
			name = "[CP] Check Pods Manifest.lock";
			outputFileListPaths = (
			);
			outputPaths = (
				"$(DERIVED_FILE_DIR)/Pods-Makerspace-checkManifestLockResult.txt",
			);
			runOnlyForDeploymentPostprocessing = 0;
			shellPath = /bin/sh;
			shellScript = "diff \"${PODS_PODFILE_DIR_PATH}/Podfile.lock\" \"${PODS_ROOT}/Manifest.lock\" > /dev/null\nif [ $? != 0 ] ; then\n    # print error to STDERR\n    echo \"error: The sandbox is not in sync with the Podfile.lock. Run 'pod install' or update your CocoaPods installation.\" >&2\n    exit 1\nfi\n# This output is used by Xcode 'outputs' to avoid re-running this script phase.\necho \"SUCCESS\" > \"${SCRIPT_OUTPUT_FILE_0}\"\n";
			showEnvVarsInLog = 0;
		};
		FFD772CF54FC21D9195AE1EA /* [CP] Embed Pods Frameworks */ = {
			isa = PBXShellScriptBuildPhase;
			buildActionMask = 2147483647;
			files = (
			);
			inputFileListPaths = (
			);
			inputPaths = (
				"${PODS_ROOT}/Target Support Files/Pods-Makerspace/Pods-Makerspace-frameworks.sh",
				"${BUILT_PRODUCTS_DIR}/BoringSSL-GRPC/openssl_grpc.framework",
				"${BUILT_PRODUCTS_DIR}/GoogleUtilities/GoogleUtilities.framework",
				"${BUILT_PRODUCTS_DIR}/Protobuf/Protobuf.framework",
				"${BUILT_PRODUCTS_DIR}/gRPC-C++/grpcpp.framework",
				"${BUILT_PRODUCTS_DIR}/gRPC-Core/grpc.framework",
				"${BUILT_PRODUCTS_DIR}/leveldb-library/leveldb.framework",
				"${BUILT_PRODUCTS_DIR}/nanopb/nanopb.framework",
			);
			name = "[CP] Embed Pods Frameworks";
			outputFileListPaths = (
			);
			outputPaths = (
				"${TARGET_BUILD_DIR}/${FRAMEWORKS_FOLDER_PATH}/openssl_grpc.framework",
				"${TARGET_BUILD_DIR}/${FRAMEWORKS_FOLDER_PATH}/GoogleUtilities.framework",
				"${TARGET_BUILD_DIR}/${FRAMEWORKS_FOLDER_PATH}/Protobuf.framework",
				"${TARGET_BUILD_DIR}/${FRAMEWORKS_FOLDER_PATH}/grpcpp.framework",
				"${TARGET_BUILD_DIR}/${FRAMEWORKS_FOLDER_PATH}/grpc.framework",
				"${TARGET_BUILD_DIR}/${FRAMEWORKS_FOLDER_PATH}/leveldb.framework",
				"${TARGET_BUILD_DIR}/${FRAMEWORKS_FOLDER_PATH}/nanopb.framework",
			);
			runOnlyForDeploymentPostprocessing = 0;
			shellPath = /bin/sh;
			shellScript = "\"${PODS_ROOT}/Target Support Files/Pods-Makerspace/Pods-Makerspace-frameworks.sh\"\n";
			showEnvVarsInLog = 0;
		};
/* End PBXShellScriptBuildPhase section */

/* Begin PBXSourcesBuildPhase section */
		7DCDA51B2280839E0020D9D0 /* Sources */ = {
			isa = PBXSourcesBuildPhase;
			buildActionMask = 2147483647;
			files = (
				7DCDA5642280ADEA0020D9D0 /* UserManager.swift in Sources */,
				7DCDA56A2280B7540020D9D0 /* Constants.swift in Sources */,
				7DCDA56E2280B9500020D9D0 /* CreateAccountVC.swift in Sources */,
				7DCDA5662280ADFF0020D9D0 /* UserNetworkAdaptor.swift in Sources */,
				7D1C1A192283134D00A1D57D /* RoomManager.swift in Sources */,
				7DCDA559228084480020D9D0 /* BadgeCard.swift in Sources */,
				7DCDA5612280AC810020D9D0 /* HomeVC.swift in Sources */,
				7D1C1A1522830A1000A1D57D /* UserCell.swift in Sources */,
				7DCDA5232280839E0020D9D0 /* AppDelegate.swift in Sources */,
				7DCDA5572280843A0020D9D0 /* Room.swift in Sources */,
				E1AFC04B22812F3F009B4276 /* UIViewExtension.swift in Sources */,
				7DCDA55F22809EF80020D9D0 /* CustomButton.swift in Sources */,
				7D1C1A172283130A00A1D57D /* PickerData.swift in Sources */,
				E117FDBD22826BF9003B771C /* HomeViewController.swift in Sources */,
				7DCDA555228084260020D9D0 /* User.swift in Sources */,
				E117FDC32282720F003B771C /* DetailVC.swift in Sources */,
			);
			runOnlyForDeploymentPostprocessing = 0;
		};
		7DCDA52F2280839F0020D9D0 /* Sources */ = {
			isa = PBXSourcesBuildPhase;
			buildActionMask = 2147483647;
			files = (
				7DCDA5382280839F0020D9D0 /* MakerspaceTests.swift in Sources */,
			);
			runOnlyForDeploymentPostprocessing = 0;
		};
		7DCDA53A2280839F0020D9D0 /* Sources */ = {
			isa = PBXSourcesBuildPhase;
			buildActionMask = 2147483647;
			files = (
				7DCDA5432280839F0020D9D0 /* MakerspaceUITests.swift in Sources */,
			);
			runOnlyForDeploymentPostprocessing = 0;
		};
/* End PBXSourcesBuildPhase section */

/* Begin PBXTargetDependency section */
		7DCDA5352280839F0020D9D0 /* PBXTargetDependency */ = {
			isa = PBXTargetDependency;
			target = 7DCDA51E2280839E0020D9D0 /* Makerspace */;
			targetProxy = 7DCDA5342280839F0020D9D0 /* PBXContainerItemProxy */;
		};
		7DCDA5402280839F0020D9D0 /* PBXTargetDependency */ = {
			isa = PBXTargetDependency;
			target = 7DCDA51E2280839E0020D9D0 /* Makerspace */;
			targetProxy = 7DCDA53F2280839F0020D9D0 /* PBXContainerItemProxy */;
		};
/* End PBXTargetDependency section */

/* Begin PBXVariantGroup section */
		7DCDA5262280839E0020D9D0 /* Main.storyboard */ = {
			isa = PBXVariantGroup;
			children = (
				7DCDA5272280839E0020D9D0 /* Base */,
			);
			name = Main.storyboard;
			sourceTree = "<group>";
		};
		7DCDA52B2280839F0020D9D0 /* LaunchScreen.storyboard */ = {
			isa = PBXVariantGroup;
			children = (
				7DCDA52C2280839F0020D9D0 /* Base */,
			);
			name = LaunchScreen.storyboard;
			sourceTree = "<group>";
		};
/* End PBXVariantGroup section */

/* Begin XCBuildConfiguration section */
		7DCDA5452280839F0020D9D0 /* Debug */ = {
			isa = XCBuildConfiguration;
			buildSettings = {
				ALWAYS_SEARCH_USER_PATHS = NO;
				CLANG_ANALYZER_NONNULL = YES;
				CLANG_ANALYZER_NUMBER_OBJECT_CONVERSION = YES_AGGRESSIVE;
				CLANG_CXX_LANGUAGE_STANDARD = "gnu++14";
				CLANG_CXX_LIBRARY = "libc++";
				CLANG_ENABLE_MODULES = YES;
				CLANG_ENABLE_OBJC_ARC = YES;
				CLANG_ENABLE_OBJC_WEAK = YES;
				CLANG_WARN_BLOCK_CAPTURE_AUTORELEASING = YES;
				CLANG_WARN_BOOL_CONVERSION = YES;
				CLANG_WARN_COMMA = YES;
				CLANG_WARN_CONSTANT_CONVERSION = YES;
				CLANG_WARN_DEPRECATED_OBJC_IMPLEMENTATIONS = YES;
				CLANG_WARN_DIRECT_OBJC_ISA_USAGE = YES_ERROR;
				CLANG_WARN_DOCUMENTATION_COMMENTS = YES;
				CLANG_WARN_EMPTY_BODY = YES;
				CLANG_WARN_ENUM_CONVERSION = YES;
				CLANG_WARN_INFINITE_RECURSION = YES;
				CLANG_WARN_INT_CONVERSION = YES;
				CLANG_WARN_NON_LITERAL_NULL_CONVERSION = YES;
				CLANG_WARN_OBJC_IMPLICIT_RETAIN_SELF = YES;
				CLANG_WARN_OBJC_LITERAL_CONVERSION = YES;
				CLANG_WARN_OBJC_ROOT_CLASS = YES_ERROR;
				CLANG_WARN_RANGE_LOOP_ANALYSIS = YES;
				CLANG_WARN_STRICT_PROTOTYPES = YES;
				CLANG_WARN_SUSPICIOUS_MOVE = YES;
				CLANG_WARN_UNGUARDED_AVAILABILITY = YES_AGGRESSIVE;
				CLANG_WARN_UNREACHABLE_CODE = YES;
				CLANG_WARN__DUPLICATE_METHOD_MATCH = YES;
				CODE_SIGN_IDENTITY = "iPhone Developer";
				COPY_PHASE_STRIP = NO;
				DEBUG_INFORMATION_FORMAT = dwarf;
				ENABLE_STRICT_OBJC_MSGSEND = YES;
				ENABLE_TESTABILITY = YES;
				GCC_C_LANGUAGE_STANDARD = gnu11;
				GCC_DYNAMIC_NO_PIC = NO;
				GCC_NO_COMMON_BLOCKS = YES;
				GCC_OPTIMIZATION_LEVEL = 0;
				GCC_PREPROCESSOR_DEFINITIONS = (
					"DEBUG=1",
					"$(inherited)",
				);
				GCC_WARN_64_TO_32_BIT_CONVERSION = YES;
				GCC_WARN_ABOUT_RETURN_TYPE = YES_ERROR;
				GCC_WARN_UNDECLARED_SELECTOR = YES;
				GCC_WARN_UNINITIALIZED_AUTOS = YES_AGGRESSIVE;
				GCC_WARN_UNUSED_FUNCTION = YES;
				GCC_WARN_UNUSED_VARIABLE = YES;
				IPHONEOS_DEPLOYMENT_TARGET = 12.1;
				MTL_ENABLE_DEBUG_INFO = INCLUDE_SOURCE;
				MTL_FAST_MATH = YES;
				ONLY_ACTIVE_ARCH = YES;
				SDKROOT = iphoneos;
				SWIFT_ACTIVE_COMPILATION_CONDITIONS = DEBUG;
				SWIFT_OPTIMIZATION_LEVEL = "-Onone";
			};
			name = Debug;
		};
		7DCDA5462280839F0020D9D0 /* Release */ = {
			isa = XCBuildConfiguration;
			buildSettings = {
				ALWAYS_SEARCH_USER_PATHS = NO;
				CLANG_ANALYZER_NONNULL = YES;
				CLANG_ANALYZER_NUMBER_OBJECT_CONVERSION = YES_AGGRESSIVE;
				CLANG_CXX_LANGUAGE_STANDARD = "gnu++14";
				CLANG_CXX_LIBRARY = "libc++";
				CLANG_ENABLE_MODULES = YES;
				CLANG_ENABLE_OBJC_ARC = YES;
				CLANG_ENABLE_OBJC_WEAK = YES;
				CLANG_WARN_BLOCK_CAPTURE_AUTORELEASING = YES;
				CLANG_WARN_BOOL_CONVERSION = YES;
				CLANG_WARN_COMMA = YES;
				CLANG_WARN_CONSTANT_CONVERSION = YES;
				CLANG_WARN_DEPRECATED_OBJC_IMPLEMENTATIONS = YES;
				CLANG_WARN_DIRECT_OBJC_ISA_USAGE = YES_ERROR;
				CLANG_WARN_DOCUMENTATION_COMMENTS = YES;
				CLANG_WARN_EMPTY_BODY = YES;
				CLANG_WARN_ENUM_CONVERSION = YES;
				CLANG_WARN_INFINITE_RECURSION = YES;
				CLANG_WARN_INT_CONVERSION = YES;
				CLANG_WARN_NON_LITERAL_NULL_CONVERSION = YES;
				CLANG_WARN_OBJC_IMPLICIT_RETAIN_SELF = YES;
				CLANG_WARN_OBJC_LITERAL_CONVERSION = YES;
				CLANG_WARN_OBJC_ROOT_CLASS = YES_ERROR;
				CLANG_WARN_RANGE_LOOP_ANALYSIS = YES;
				CLANG_WARN_STRICT_PROTOTYPES = YES;
				CLANG_WARN_SUSPICIOUS_MOVE = YES;
				CLANG_WARN_UNGUARDED_AVAILABILITY = YES_AGGRESSIVE;
				CLANG_WARN_UNREACHABLE_CODE = YES;
				CLANG_WARN__DUPLICATE_METHOD_MATCH = YES;
				CODE_SIGN_IDENTITY = "iPhone Developer";
				COPY_PHASE_STRIP = NO;
				DEBUG_INFORMATION_FORMAT = "dwarf-with-dsym";
				ENABLE_NS_ASSERTIONS = NO;
				ENABLE_STRICT_OBJC_MSGSEND = YES;
				GCC_C_LANGUAGE_STANDARD = gnu11;
				GCC_NO_COMMON_BLOCKS = YES;
				GCC_WARN_64_TO_32_BIT_CONVERSION = YES;
				GCC_WARN_ABOUT_RETURN_TYPE = YES_ERROR;
				GCC_WARN_UNDECLARED_SELECTOR = YES;
				GCC_WARN_UNINITIALIZED_AUTOS = YES_AGGRESSIVE;
				GCC_WARN_UNUSED_FUNCTION = YES;
				GCC_WARN_UNUSED_VARIABLE = YES;
				IPHONEOS_DEPLOYMENT_TARGET = 12.1;
				MTL_ENABLE_DEBUG_INFO = NO;
				MTL_FAST_MATH = YES;
				SDKROOT = iphoneos;
				SWIFT_COMPILATION_MODE = wholemodule;
				SWIFT_OPTIMIZATION_LEVEL = "-O";
				VALIDATE_PRODUCT = YES;
			};
			name = Release;
		};
		7DCDA5482280839F0020D9D0 /* Debug */ = {
			isa = XCBuildConfiguration;
			baseConfigurationReference = 71D8E2452145330CF221E750 /* Pods-Makerspace.debug.xcconfig */;
			buildSettings = {
				ASSETCATALOG_COMPILER_APPICON_NAME = AppIcon;
				CODE_SIGN_STYLE = Automatic;
				INFOPLIST_FILE = Makerspace/Info.plist;
				LD_RUNPATH_SEARCH_PATHS = (
					"$(inherited)",
					"@executable_path/Frameworks",
				);
				PRODUCT_BUNDLE_IDENTIFIER = edu.otterbein.Makerspace;
				PRODUCT_NAME = "$(TARGET_NAME)";
				SWIFT_VERSION = 4.2;
				TARGETED_DEVICE_FAMILY = "1,2";
			};
			name = Debug;
		};
		7DCDA5492280839F0020D9D0 /* Release */ = {
			isa = XCBuildConfiguration;
			baseConfigurationReference = B31274D0E7BD28685676D0E3 /* Pods-Makerspace.release.xcconfig */;
			buildSettings = {
				ASSETCATALOG_COMPILER_APPICON_NAME = AppIcon;
				CODE_SIGN_STYLE = Automatic;
				INFOPLIST_FILE = Makerspace/Info.plist;
				LD_RUNPATH_SEARCH_PATHS = (
					"$(inherited)",
					"@executable_path/Frameworks",
				);
				PRODUCT_BUNDLE_IDENTIFIER = edu.otterbein.Makerspace;
				PRODUCT_NAME = "$(TARGET_NAME)";
				SWIFT_VERSION = 4.2;
				TARGETED_DEVICE_FAMILY = "1,2";
			};
			name = Release;
		};
		7DCDA54B2280839F0020D9D0 /* Debug */ = {
			isa = XCBuildConfiguration;
			baseConfigurationReference = 93AADD17AB209CE89855184E /* Pods-MakerspaceTests.debug.xcconfig */;
			buildSettings = {
				ALWAYS_EMBED_SWIFT_STANDARD_LIBRARIES = YES;
				BUNDLE_LOADER = "$(TEST_HOST)";
				CODE_SIGN_STYLE = Automatic;
				INFOPLIST_FILE = MakerspaceTests/Info.plist;
				LD_RUNPATH_SEARCH_PATHS = (
					"$(inherited)",
					"@executable_path/Frameworks",
					"@loader_path/Frameworks",
				);
				PRODUCT_BUNDLE_IDENTIFIER = edu.otterbein.MakerspaceTests;
				PRODUCT_NAME = "$(TARGET_NAME)";
				SWIFT_VERSION = 4.2;
				TARGETED_DEVICE_FAMILY = "1,2";
				TEST_HOST = "$(BUILT_PRODUCTS_DIR)/Makerspace.app/Makerspace";
			};
			name = Debug;
		};
		7DCDA54C2280839F0020D9D0 /* Release */ = {
			isa = XCBuildConfiguration;
			baseConfigurationReference = 7B073AF03A5D6B2E8040B294 /* Pods-MakerspaceTests.release.xcconfig */;
			buildSettings = {
				ALWAYS_EMBED_SWIFT_STANDARD_LIBRARIES = YES;
				BUNDLE_LOADER = "$(TEST_HOST)";
				CODE_SIGN_STYLE = Automatic;
				INFOPLIST_FILE = MakerspaceTests/Info.plist;
				LD_RUNPATH_SEARCH_PATHS = (
					"$(inherited)",
					"@executable_path/Frameworks",
					"@loader_path/Frameworks",
				);
				PRODUCT_BUNDLE_IDENTIFIER = edu.otterbein.MakerspaceTests;
				PRODUCT_NAME = "$(TARGET_NAME)";
				SWIFT_VERSION = 4.2;
				TARGETED_DEVICE_FAMILY = "1,2";
				TEST_HOST = "$(BUILT_PRODUCTS_DIR)/Makerspace.app/Makerspace";
			};
			name = Release;
		};
		7DCDA54E2280839F0020D9D0 /* Debug */ = {
			isa = XCBuildConfiguration;
			baseConfigurationReference = 5475C5F8D6C90554E1CDB7CB /* Pods-MakerspaceUITests.debug.xcconfig */;
			buildSettings = {
				ALWAYS_EMBED_SWIFT_STANDARD_LIBRARIES = YES;
				CODE_SIGN_STYLE = Automatic;
				INFOPLIST_FILE = MakerspaceUITests/Info.plist;
				LD_RUNPATH_SEARCH_PATHS = (
					"$(inherited)",
					"@executable_path/Frameworks",
					"@loader_path/Frameworks",
				);
				PRODUCT_BUNDLE_IDENTIFIER = edu.otterbein.MakerspaceUITests;
				PRODUCT_NAME = "$(TARGET_NAME)";
				SWIFT_VERSION = 4.2;
				TARGETED_DEVICE_FAMILY = "1,2";
				TEST_TARGET_NAME = Makerspace;
			};
			name = Debug;
		};
		7DCDA54F2280839F0020D9D0 /* Release */ = {
			isa = XCBuildConfiguration;
			baseConfigurationReference = 552EC2211B7BA750B35B092B /* Pods-MakerspaceUITests.release.xcconfig */;
			buildSettings = {
				ALWAYS_EMBED_SWIFT_STANDARD_LIBRARIES = YES;
				CODE_SIGN_STYLE = Automatic;
				INFOPLIST_FILE = MakerspaceUITests/Info.plist;
				LD_RUNPATH_SEARCH_PATHS = (
					"$(inherited)",
					"@executable_path/Frameworks",
					"@loader_path/Frameworks",
				);
				PRODUCT_BUNDLE_IDENTIFIER = edu.otterbein.MakerspaceUITests;
				PRODUCT_NAME = "$(TARGET_NAME)";
				SWIFT_VERSION = 4.2;
				TARGETED_DEVICE_FAMILY = "1,2";
				TEST_TARGET_NAME = Makerspace;
			};
			name = Release;
		};
/* End XCBuildConfiguration section */

/* Begin XCConfigurationList section */
		7DCDA51A2280839E0020D9D0 /* Build configuration list for PBXProject "Makerspace" */ = {
			isa = XCConfigurationList;
			buildConfigurations = (
				7DCDA5452280839F0020D9D0 /* Debug */,
				7DCDA5462280839F0020D9D0 /* Release */,
			);
			defaultConfigurationIsVisible = 0;
			defaultConfigurationName = Release;
		};
		7DCDA5472280839F0020D9D0 /* Build configuration list for PBXNativeTarget "Makerspace" */ = {
			isa = XCConfigurationList;
			buildConfigurations = (
				7DCDA5482280839F0020D9D0 /* Debug */,
				7DCDA5492280839F0020D9D0 /* Release */,
			);
			defaultConfigurationIsVisible = 0;
			defaultConfigurationName = Release;
		};
		7DCDA54A2280839F0020D9D0 /* Build configuration list for PBXNativeTarget "MakerspaceTests" */ = {
			isa = XCConfigurationList;
			buildConfigurations = (
				7DCDA54B2280839F0020D9D0 /* Debug */,
				7DCDA54C2280839F0020D9D0 /* Release */,
			);
			defaultConfigurationIsVisible = 0;
			defaultConfigurationName = Release;
		};
		7DCDA54D2280839F0020D9D0 /* Build configuration list for PBXNativeTarget "MakerspaceUITests" */ = {
			isa = XCConfigurationList;
			buildConfigurations = (
				7DCDA54E2280839F0020D9D0 /* Debug */,
				7DCDA54F2280839F0020D9D0 /* Release */,
			);
			defaultConfigurationIsVisible = 0;
			defaultConfigurationName = Release;
		};
/* End XCConfigurationList section */
	};
	rootObject = 7DCDA5172280839E0020D9D0 /* Project object */;
}
